<?xml version="1.0" encoding="UTF-8" standalone="yes" ?>
<CodeBlocks_project_file>
	<FileVersion major="1" minor="6" />
	<Project>
		<Option title="dongons_dragons" />
		<Option pch_mode="2" />
		<Option compiler="gcc" />
		<Build>
			<Target title="Debug">
				<Option output="bin/Debug/dongons_dragons" prefix_auto="1" extension_auto="1" />
				<Option object_output="obj/Debug/" />
				<Option type="1" />
				<Option compiler="gcc" />
				<Compiler>
					<Add option="-g" />
					<Add option="-DDEBUG" />
				</Compiler>
			</Target>
			<Target title="Release">
				<Option output="bin/Release/dongons_dragons" prefix_auto="1" extension_auto="1" />
				<Option object_output="obj/Release/" />
				<Option type="1" />
				<Option compiler="gcc" />
				<Compiler>
					<Add option="-O2" />
				</Compiler>
				<Linker>
					<Add option="-s" />
				</Linker>
			</Target>
		</Build>
		<Compiler>
			<Add option="-Wall" />
			<Add directory="/home/arno/boost_install/include/" />
		</Compiler>
		<Linker>
			<Add library="/home/arno/boost_install/lib/libboost_filesystem.a" />
			<Add library="/home/arno/boost_install/lib/libboost_filesystem.so" />
			<Add library="/home/arno/boost_install/lib/libboost_serialization.a" />
			<Add library="/home/arno/boost_install/lib/libboost_serialization.so" />
			<Add library="/home/arno/boost_install/lib/libboost_system.a" />
			<Add library="/home/arno/boost_install/lib/libboost_system.so" />
			<Add library="/home/arno/boost_install/lib/libboost_wserialization.a" />
			<Add library="/home/arno/boost_install/lib/libboost_wserialization.so" />
		</Linker>
		<Unit filename="controller/CampaignEditorController.cpp" />
		<Unit filename="controller/CampaignEditorController.h" />
		<Unit filename="controller/EditorController.h" />
		<Unit filename="controller/GamePlayController.cpp" />
		<Unit filename="controller/GamePlayController.h" />
		<Unit filename="controller/MapEditorController.cpp" />
		<Unit filename="controller/MapEditorController.h" />
		<Unit filename="controller/MapInteractionHelper.cpp" />
		<Unit filename="controller/MapInteractionHelper.h" />
		<Unit filename="entity/Campaign.cpp" />
		<Unit filename="entity/Campaign.h" />
		<Unit filename="entity/Cell.cpp" />
		<Unit filename="entity/Cell.h" />
		<Unit filename="entity/Map.cpp" />
		<Unit filename="entity/Map.h" />
		<Unit filename="entity/MapProxy.cpp" />
		<Unit filename="entity/MapProxy.h" />
		<Unit filename="entity/repo/MapRepository.cpp" />
		<Unit filename="entity/repo/MapRepository.h" />
		<Unit filename="main.cpp" />
		<Unit filename="service/MapValidator.cpp" />
		<Unit filename="service/MapValidator.h" />
		<Unit filename="utils/ArrayUtils.cpp" />
		<Unit filename="utils/ArrayUtils.h" />
		<Unit filename="utils/FileUtils.cpp" />
		<Unit filename="utils/FileUtils.h" />
		<Unit filename="utils/IOUtils.cpp" />
		<Unit filename="utils/IOUtils.h" />
		<Unit filename="view/EditorView.cpp" />
		<Unit filename="view/EditorView.h" />
		<Unit filename="view/MapView.cpp" />
		<Unit filename="view/MapView.h" />
		<Extensions>
			<code_completion />
			<debugger />
		</Extensions>
	</Project>
</CodeBlocks_project_file>
