// !$*UTF8*$!
{
	archiveVersion = 1;
	classes = {
	};
	objectVersion = 46;
	objects = {

/* Begin PBXBuildFile section */
		018FE7AF14A87E97003F5286 /* libcppunit.dylib in Frameworks */ = {isa = PBXBuildFile; fileRef = 018FE7AE14A87E97003F5286 /* libcppunit.dylib */; };
		FA18E39E1DC27CF100931BFC /* MapEditorController.cpp in Sources */ = {isa = PBXBuildFile; fileRef = FA18E38B1DC27CF000931BFC /* MapEditorController.cpp */; };
		FA18E39F1DC27CF100931BFC /* Cell.cpp in Sources */ = {isa = PBXBuildFile; fileRef = FA18E38E1DC27CF100931BFC /* Cell.cpp */; };
		FA18E3A01DC27CF100931BFC /* Map.cpp in Sources */ = {isa = PBXBuildFile; fileRef = FA18E3901DC27CF100931BFC /* Map.cpp */; };
		FA18E3A11DC27CF100931BFC /* main.cpp in Sources */ = {isa = PBXBuildFile; fileRef = FA18E3921DC27CF100931BFC /* main.cpp */; };
		FA18E3A21DC27CF100931BFC /* MapValidator.cpp in Sources */ = {isa = PBXBuildFile; fileRef = FA18E3941DC27CF100931BFC /* MapValidator.cpp */; };
		FA18E3A31DC27CF100931BFC /* ArrayUtils.cpp in Sources */ = {isa = PBXBuildFile; fileRef = FA18E3971DC27CF100931BFC /* ArrayUtils.cpp */; };
		FA18E3A41DC27CF100931BFC /* IOUtils.cpp in Sources */ = {isa = PBXBuildFile; fileRef = FA18E3991DC27CF100931BFC /* IOUtils.cpp */; };
		FA18E3A51DC27CF100931BFC /* MapView.cpp in Sources */ = {isa = PBXBuildFile; fileRef = FA18E39C1DC27CF100931BFC /* MapView.cpp */; };
		FA18E3A91DC29F2400931BFC /* EditorView.cpp in Sources */ = {isa = PBXBuildFile; fileRef = FA18E3A81DC29F2400931BFC /* EditorView.cpp */; };
		FA18E3AB1DC2AEE100931BFC /* libboost_serialization-mt.dylib in Frameworks */ = {isa = PBXBuildFile; fileRef = FA18E3AA1DC2AEE100931BFC /* libboost_serialization-mt.dylib */; };
		FAF3DA571DC56BC000AB81A3 /* libboost_system-mt.dylib in Frameworks */ = {isa = PBXBuildFile; fileRef = FAF3DA561DC56BC000AB81A3 /* libboost_system-mt.dylib */; };
		FAF3DA591DC56BD300AB81A3 /* libboost_system-mt.a in Frameworks */ = {isa = PBXBuildFile; fileRef = FAF3DA581DC56BD300AB81A3 /* libboost_system-mt.a */; };
		FAF3DA5B1DC56BDF00AB81A3 /* libboost_filesystem-mt.dylib in Frameworks */ = {isa = PBXBuildFile; fileRef = FAF3DA5A1DC56BDF00AB81A3 /* libboost_filesystem-mt.dylib */; };
		FAFB43191DC908BE0060B230 /* Campaign.cpp in Sources */ = {isa = PBXBuildFile; fileRef = FAFB43171DC908BE0060B230 /* Campaign.cpp */; };
		FAFB431C1DC930070060B230 /* CampaignEditorController.cpp in Sources */ = {isa = PBXBuildFile; fileRef = FAFB431A1DC930070060B230 /* CampaignEditorController.cpp */; };
/* End PBXBuildFile section */

/* Begin PBXCopyFilesBuildPhase section */
		018FE79B14A87BB4003F5286 /* CopyFiles */ = {
			isa = PBXCopyFilesBuildPhase;
			buildActionMask = 2147483647;
			dstPath = /usr/share/man/man1/;
			dstSubfolderSpec = 0;
			files = (
			);
			runOnlyForDeploymentPostprocessing = 1;
		};
/* End PBXCopyFilesBuildPhase section */

/* Begin PBXFileReference section */
		018FE79D14A87BB5003F5286 /* CppUnitTest */ = {isa = PBXFileReference; explicitFileType = "compiled.mach-o.executable"; includeInIndex = 0; path = CppUnitTest; sourceTree = BUILT_PRODUCTS_DIR; };
		018FE7AE14A87E97003F5286 /* libcppunit.dylib */ = {isa = PBXFileReference; lastKnownFileType = "compiled.mach-o.dylib"; name = libcppunit.dylib; path = ../../../../usr/local/lib/libcppunit.dylib; sourceTree = "<group>"; };
		FA18E3891DC27C5B00931BFC /* CampaignTest.cpp */ = {isa = PBXFileReference; lastKnownFileType = sourcecode.cpp.cpp; path = CampaignTest.cpp; sourceTree = "<group>"; };
		FA18E38B1DC27CF000931BFC /* MapEditorController.cpp */ = {isa = PBXFileReference; fileEncoding = 4; lastKnownFileType = sourcecode.cpp.cpp; path = MapEditorController.cpp; sourceTree = "<group>"; };
		FA18E38C1DC27CF100931BFC /* MapEditorController.h */ = {isa = PBXFileReference; fileEncoding = 4; lastKnownFileType = sourcecode.c.h; path = MapEditorController.h; sourceTree = "<group>"; };
		FA18E38E1DC27CF100931BFC /* Cell.cpp */ = {isa = PBXFileReference; fileEncoding = 4; lastKnownFileType = sourcecode.cpp.cpp; path = Cell.cpp; sourceTree = "<group>"; };
		FA18E38F1DC27CF100931BFC /* Cell.h */ = {isa = PBXFileReference; fileEncoding = 4; lastKnownFileType = sourcecode.c.h; path = Cell.h; sourceTree = "<group>"; };
		FA18E3901DC27CF100931BFC /* Map.cpp */ = {isa = PBXFileReference; fileEncoding = 4; lastKnownFileType = sourcecode.cpp.cpp; path = Map.cpp; sourceTree = "<group>"; };
		FA18E3911DC27CF100931BFC /* Map.h */ = {isa = PBXFileReference; fileEncoding = 4; lastKnownFileType = sourcecode.c.h; path = Map.h; sourceTree = "<group>"; };
		FA18E3921DC27CF100931BFC /* main.cpp */ = {isa = PBXFileReference; fileEncoding = 4; lastKnownFileType = sourcecode.cpp.cpp; path = main.cpp; sourceTree = "<group>"; };
		FA18E3941DC27CF100931BFC /* MapValidator.cpp */ = {isa = PBXFileReference; fileEncoding = 4; lastKnownFileType = sourcecode.cpp.cpp; path = MapValidator.cpp; sourceTree = "<group>"; };
		FA18E3951DC27CF100931BFC /* MapValidator.h */ = {isa = PBXFileReference; fileEncoding = 4; lastKnownFileType = sourcecode.c.h; path = MapValidator.h; sourceTree = "<group>"; };
		FA18E3971DC27CF100931BFC /* ArrayUtils.cpp */ = {isa = PBXFileReference; fileEncoding = 4; lastKnownFileType = sourcecode.cpp.cpp; path = ArrayUtils.cpp; sourceTree = "<group>"; };
		FA18E3981DC27CF100931BFC /* ArrayUtils.h */ = {isa = PBXFileReference; fileEncoding = 4; lastKnownFileType = sourcecode.c.h; path = ArrayUtils.h; sourceTree = "<group>"; };
		FA18E3991DC27CF100931BFC /* IOUtils.cpp */ = {isa = PBXFileReference; fileEncoding = 4; lastKnownFileType = sourcecode.cpp.cpp; path = IOUtils.cpp; sourceTree = "<group>"; };
		FA18E39A1DC27CF100931BFC /* IOUtils.h */ = {isa = PBXFileReference; fileEncoding = 4; lastKnownFileType = sourcecode.c.h; path = IOUtils.h; sourceTree = "<group>"; };
		FA18E39C1DC27CF100931BFC /* MapView.cpp */ = {isa = PBXFileReference; fileEncoding = 4; lastKnownFileType = sourcecode.cpp.cpp; path = MapView.cpp; sourceTree = "<group>"; };
		FA18E39D1DC27CF100931BFC /* MapView.h */ = {isa = PBXFileReference; fileEncoding = 4; lastKnownFileType = sourcecode.c.h; path = MapView.h; sourceTree = "<group>"; };
		FA18E3A71DC29E0200931BFC /* EditorView.h */ = {isa = PBXFileReference; lastKnownFileType = sourcecode.c.h; path = EditorView.h; sourceTree = "<group>"; };
		FA18E3A81DC29F2400931BFC /* EditorView.cpp */ = {isa = PBXFileReference; fileEncoding = 4; lastKnownFileType = sourcecode.cpp.cpp; path = EditorView.cpp; sourceTree = "<group>"; };
		FA18E3AA1DC2AEE100931BFC /* libboost_serialization-mt.dylib */ = {isa = PBXFileReference; lastKnownFileType = "compiled.mach-o.dylib"; path = "libboost_serialization-mt.dylib"; sourceTree = "<group>"; };
		FAF3DA561DC56BC000AB81A3 /* libboost_system-mt.dylib */ = {isa = PBXFileReference; lastKnownFileType = "compiled.mach-o.dylib"; path = "libboost_system-mt.dylib"; sourceTree = "<group>"; };
		FAF3DA581DC56BD300AB81A3 /* libboost_system-mt.a */ = {isa = PBXFileReference; lastKnownFileType = archive.ar; path = "libboost_system-mt.a"; sourceTree = "<group>"; };
		FAF3DA5A1DC56BDF00AB81A3 /* libboost_filesystem-mt.dylib */ = {isa = PBXFileReference; lastKnownFileType = "compiled.mach-o.dylib"; path = "libboost_filesystem-mt.dylib"; sourceTree = "<group>"; };
		FAFB43171DC908BE0060B230 /* Campaign.cpp */ = {isa = PBXFileReference; fileEncoding = 4; lastKnownFileType = sourcecode.cpp.cpp; path = Campaign.cpp; sourceTree = "<group>"; };
		FAFB43181DC908BE0060B230 /* Campaign.h */ = {isa = PBXFileReference; fileEncoding = 4; lastKnownFileType = sourcecode.c.h; path = Campaign.h; sourceTree = "<group>"; };
		FAFB431A1DC930070060B230 /* CampaignEditorController.cpp */ = {isa = PBXFileReference; fileEncoding = 4; lastKnownFileType = sourcecode.cpp.cpp; path = CampaignEditorController.cpp; sourceTree = "<group>"; };
		FAFB431B1DC930070060B230 /* CampaignEditorController.h */ = {isa = PBXFileReference; fileEncoding = 4; lastKnownFileType = sourcecode.c.h; path = CampaignEditorController.h; sourceTree = "<group>"; };
/* End PBXFileReference section */

/* Begin PBXFrameworksBuildPhase section */
		018FE79A14A87BB4003F5286 /* Frameworks */ = {
			isa = PBXFrameworksBuildPhase;
			buildActionMask = 2147483647;
			files = (
				FAF3DA571DC56BC000AB81A3 /* libboost_system-mt.dylib in Frameworks */,
				FA18E3AB1DC2AEE100931BFC /* libboost_serialization-mt.dylib in Frameworks */,
				018FE7AF14A87E97003F5286 /* libcppunit.dylib in Frameworks */,
				FAF3DA5B1DC56BDF00AB81A3 /* libboost_filesystem-mt.dylib in Frameworks */,
				FAF3DA591DC56BD300AB81A3 /* libboost_system-mt.a in Frameworks */,
			);
			runOnlyForDeploymentPostprocessing = 0;
		};
/* End PBXFrameworksBuildPhase section */

/* Begin PBXGroup section */
		018FE79214A87BB4003F5286 = {
			isa = PBXGroup;
			children = (
				FA18E38A1DC27CF000931BFC /* controller */,
				FA18E38D1DC27CF100931BFC /* entity */,
				FA18E3921DC27CF100931BFC /* main.cpp */,
				FA18E3931DC27CF100931BFC /* service */,
				FA18E3961DC27CF100931BFC /* utils */,
				FA18E39B1DC27CF100931BFC /* view */,
				FA18E3881DC27C5B00931BFC /* tests */,
				018FE7AD14A87DFC003F5286 /* Libs */,
				018FE79E14A87BB5003F5286 /* Products */,
			);
			sourceTree = "<group>";
		};
		018FE79E14A87BB5003F5286 /* Products */ = {
			isa = PBXGroup;
			children = (
				018FE79D14A87BB5003F5286 /* CppUnitTest */,
			);
			name = Products;
			sourceTree = "<group>";
		};
		018FE7AD14A87DFC003F5286 /* Libs */ = {
			isa = PBXGroup;
			children = (
				FAF3DA5A1DC56BDF00AB81A3 /* libboost_filesystem-mt.dylib */,
				FAF3DA581DC56BD300AB81A3 /* libboost_system-mt.a */,
				FAF3DA561DC56BC000AB81A3 /* libboost_system-mt.dylib */,
				FA18E3AA1DC2AEE100931BFC /* libboost_serialization-mt.dylib */,
				018FE7AE14A87E97003F5286 /* libcppunit.dylib */,
			);
			name = Libs;
			sourceTree = "<group>";
		};
		FA18E3881DC27C5B00931BFC /* tests */ = {
			isa = PBXGroup;
			children = (
				FA18E3891DC27C5B00931BFC /* CampaignTest.cpp */,
			);
			path = tests;
			sourceTree = "<group>";
		};
		FA18E38A1DC27CF000931BFC /* controller */ = {
			isa = PBXGroup;
			children = (
				FA18E38B1DC27CF000931BFC /* MapEditorController.cpp */,
				FA18E38C1DC27CF100931BFC /* MapEditorController.h */,
				FAFB431A1DC930070060B230 /* CampaignEditorController.cpp */,
				FAFB431B1DC930070060B230 /* CampaignEditorController.h */,
			);
			path = controller;
			sourceTree = "<group>";
		};
		FA18E38D1DC27CF100931BFC /* entity */ = {
			isa = PBXGroup;
			children = (
				FA18E38E1DC27CF100931BFC /* Cell.cpp */,
				FA18E38F1DC27CF100931BFC /* Cell.h */,
				FA18E3901DC27CF100931BFC /* Map.cpp */,
				FA18E3911DC27CF100931BFC /* Map.h */,
				FAFB43171DC908BE0060B230 /* Campaign.cpp */,
				FAFB43181DC908BE0060B230 /* Campaign.h */,
			);
			path = entity;
			sourceTree = "<group>";
		};
		FA18E3931DC27CF100931BFC /* service */ = {
			isa = PBXGroup;
			children = (
				FA18E3941DC27CF100931BFC /* MapValidator.cpp */,
				FA18E3951DC27CF100931BFC /* MapValidator.h */,
			);
			path = service;
			sourceTree = "<group>";
		};
		FA18E3961DC27CF100931BFC /* utils */ = {
			isa = PBXGroup;
			children = (
				FA18E3971DC27CF100931BFC /* ArrayUtils.cpp */,
				FA18E3981DC27CF100931BFC /* ArrayUtils.h */,
				FA18E3991DC27CF100931BFC /* IOUtils.cpp */,
				FA18E39A1DC27CF100931BFC /* IOUtils.h */,
			);
			path = utils;
			sourceTree = "<group>";
		};
		FA18E39B1DC27CF100931BFC /* view */ = {
			isa = PBXGroup;
			children = (
				FA18E39C1DC27CF100931BFC /* MapView.cpp */,
				FA18E39D1DC27CF100931BFC /* MapView.h */,
				FA18E3A71DC29E0200931BFC /* EditorView.h */,
				FA18E3A81DC29F2400931BFC /* EditorView.cpp */,
			);
			path = view;
			sourceTree = "<group>";
		};
/* End PBXGroup section */

/* Begin PBXNativeTarget section */
		018FE79C14A87BB4003F5286 /* CppUnitTest */ = {
			isa = PBXNativeTarget;
			buildConfigurationList = 018FE7A714A87BB5003F5286 /* Build configuration list for PBXNativeTarget "CppUnitTest" */;
			buildPhases = (
				018FE79914A87BB4003F5286 /* Sources */,
				018FE79A14A87BB4003F5286 /* Frameworks */,
				018FE79B14A87BB4003F5286 /* CopyFiles */,
			);
			buildRules = (
			);
			dependencies = (
			);
			name = CppUnitTest;
			productName = CppUnitTest;
			productReference = 018FE79D14A87BB5003F5286 /* CppUnitTest */;
			productType = "com.apple.product-type.tool";
		};
/* End PBXNativeTarget section */

/* Begin PBXProject section */
		018FE79414A87BB4003F5286 /* Project object */ = {
			isa = PBXProject;
			attributes = {
				LastUpgradeCheck = 0640;
			};
			buildConfigurationList = 018FE79714A87BB4003F5286 /* Build configuration list for PBXProject "CppUnitTest" */;
			compatibilityVersion = "Xcode 3.2";
			developmentRegion = English;
			hasScannedForEncodings = 0;
			knownRegions = (
				en,
			);
			mainGroup = 018FE79214A87BB4003F5286;
			productRefGroup = 018FE79E14A87BB5003F5286 /* Products */;
			projectDirPath = "";
			projectRoot = "";
			targets = (
				018FE79C14A87BB4003F5286 /* CppUnitTest */,
			);
		};
/* End PBXProject section */

/* Begin PBXSourcesBuildPhase section */
		018FE79914A87BB4003F5286 /* Sources */ = {
			isa = PBXSourcesBuildPhase;
			buildActionMask = 2147483647;
			files = (
				FA18E3A01DC27CF100931BFC /* Map.cpp in Sources */,
				FAFB43191DC908BE0060B230 /* Campaign.cpp in Sources */,
				FAFB431C1DC930070060B230 /* CampaignEditorController.cpp in Sources */,
				FA18E39E1DC27CF100931BFC /* MapEditorController.cpp in Sources */,
				FA18E3A11DC27CF100931BFC /* main.cpp in Sources */,
				FA18E3A31DC27CF100931BFC /* ArrayUtils.cpp in Sources */,
				FA18E3A21DC27CF100931BFC /* MapValidator.cpp in Sources */,
				FA18E3A51DC27CF100931BFC /* MapView.cpp in Sources */,
				FA18E3A91DC29F2400931BFC /* EditorView.cpp in Sources */,
				FA18E39F1DC27CF100931BFC /* Cell.cpp in Sources */,
				FA18E3A41DC27CF100931BFC /* IOUtils.cpp in Sources */,
			);
			runOnlyForDeploymentPostprocessing = 0;
		};
/* End PBXSourcesBuildPhase section */

/* Begin XCBuildConfiguration section */
		018FE7A514A87BB5003F5286 /* Debug */ = {
			isa = XCBuildConfiguration;
			buildSettings = {
				ALWAYS_SEARCH_USER_PATHS = NO;
				CLANG_CXX_LIBRARY = "libc++";
				CLANG_WARN_BOOL_CONVERSION = YES;
				CLANG_WARN_CONSTANT_CONVERSION = YES;
				CLANG_WARN_EMPTY_BODY = YES;
				CLANG_WARN_ENUM_CONVERSION = YES;
				CLANG_WARN_INT_CONVERSION = YES;
				CLANG_WARN_UNREACHABLE_CODE = YES;
				CLANG_WARN__DUPLICATE_METHOD_MATCH = YES;
				COPY_PHASE_STRIP = NO;
				ENABLE_STRICT_OBJC_MSGSEND = YES;
				GCC_C_LANGUAGE_STANDARD = gnu99;
				GCC_DYNAMIC_NO_PIC = NO;
				GCC_ENABLE_OBJC_EXCEPTIONS = YES;
				GCC_NO_COMMON_BLOCKS = YES;
				GCC_OPTIMIZATION_LEVEL = 0;
				GCC_PREPROCESSOR_DEFINITIONS = (
					"DEBUG=1",
					"$(inherited)",
				);
				GCC_SYMBOLS_PRIVATE_EXTERN = NO;
				GCC_VERSION = com.apple.compilers.llvm.clang.1_0;
				GCC_WARN_64_TO_32_BIT_CONVERSION = YES;
				GCC_WARN_ABOUT_MISSING_PROTOTYPES = YES;
				GCC_WARN_ABOUT_RETURN_TYPE = YES;
				GCC_WARN_UNDECLARED_SELECTOR = YES;
				GCC_WARN_UNINITIALIZED_AUTOS = YES;
				GCC_WARN_UNUSED_FUNCTION = YES;
				GCC_WARN_UNUSED_VARIABLE = YES;
				"HEADER_SEARCH_PATHS[arch=*]" = (
					"$(inherited)",
					/Applications/Xcode.app/Contents/Developer/Toolchains/XcodeDefault.xctoolchain/usr/include,
					/usr/local/include/,
				);
				LIBRARY_SEARCH_PATHS = (
					/usr/,
					/usr/local/lib/,
				);
				"LIBRARY_SEARCH_PATHS[arch=*]" = (
					/usr/local/include,
					/usr/local/lib/,
				);
				MACOSX_DEPLOYMENT_TARGET = 10.7;
				ONLY_ACTIVE_ARCH = YES;
				"OTHER_LDFLAGS[arch=*]" = (
					"-L/usr/local/lib/",
					"-lcppunit",
					"-ldl",
				);
				SDKROOT = macosx;
			};
			name = Debug;
		};
		018FE7A614A87BB5003F5286 /* Release */ = {
			isa = XCBuildConfiguration;
			buildSettings = {
				ALWAYS_SEARCH_USER_PATHS = NO;
				CLANG_CXX_LIBRARY = "libc++";
				CLANG_WARN_BOOL_CONVERSION = YES;
				CLANG_WARN_CONSTANT_CONVERSION = YES;
				CLANG_WARN_EMPTY_BODY = YES;
				CLANG_WARN_ENUM_CONVERSION = YES;
				CLANG_WARN_INT_CONVERSION = YES;
				CLANG_WARN_UNREACHABLE_CODE = YES;
				CLANG_WARN__DUPLICATE_METHOD_MATCH = YES;
				COPY_PHASE_STRIP = YES;
				DEBUG_INFORMATION_FORMAT = "dwarf-with-dsym";
				ENABLE_STRICT_OBJC_MSGSEND = YES;
				GCC_C_LANGUAGE_STANDARD = gnu99;
				GCC_ENABLE_OBJC_EXCEPTIONS = YES;
				GCC_NO_COMMON_BLOCKS = YES;
				GCC_VERSION = com.apple.compilers.llvm.clang.1_0;
				GCC_WARN_64_TO_32_BIT_CONVERSION = YES;
				GCC_WARN_ABOUT_MISSING_PROTOTYPES = YES;
				GCC_WARN_ABOUT_RETURN_TYPE = YES;
				GCC_WARN_UNDECLARED_SELECTOR = YES;
				GCC_WARN_UNINITIALIZED_AUTOS = YES;
				GCC_WARN_UNUSED_FUNCTION = YES;
				GCC_WARN_UNUSED_VARIABLE = YES;
				HEADER_SEARCH_PATHS = (
					"$(inherited)",
					/Applications/Xcode.app/Contents/Developer/Toolchains/XcodeDefault.xctoolchain/usr/include,
					/usr/local/include/,
				);
				"HEADER_SEARCH_PATHS[arch=*]" = (
					"$(inherited)",
					/Applications/Xcode.app/Contents/Developer/Toolchains/XcodeDefault.xctoolchain/usr/include,
				);
				LIBRARY_SEARCH_PATHS = (
					/usr/local/include,
					/usr/local/lib/,
				);
				"LIBRARY_SEARCH_PATHS[arch=*]" = (
					/usr/local/include,
					/usr/local/lib/,
				);
				MACOSX_DEPLOYMENT_TARGET = 10.7;
				"OTHER_LDFLAGS[arch=*]" = (
					"-L/usr/local/lib/",
					"-lcppunit",
					"-ldl",
				);
				SDKROOT = macosx;
			};
			name = Release;
		};
		018FE7A814A87BB5003F5286 /* Debug */ = {
			isa = XCBuildConfiguration;
			buildSettings = {
				ARCHS = "$(ARCHS_STANDARD)";
				HEADER_SEARCH_PATHS = (
					/opt/local/include,
					/usr/local/include,
				);
				LIBRARY_SEARCH_PATHS = (
					/usr/local/include,
					/opt/local/lib,
					"$(PROJECT_DIR)",
				);
				"LIBRARY_SEARCH_PATHS[arch=*]" = (
					"$(inherited)",
					"$(SRCROOT)",
					"$(PROJECT_DIR)",
				);
				OTHER_LDFLAGS = (
					"-L/usr/local/lib",
					"-lcppunit",
					"-ldl",
					"-L/opt/local/lib",
					"-lboost_serialization-mt",
					"-L/opt/local/lib",
					"-lboost_filesystem-mt",
					"-L/opt/local/lib",
					"-lboost_system-mt",
				);
				PRODUCT_NAME = "$(TARGET_NAME)";
			};
			name = Debug;
		};
		018FE7A914A87BB5003F5286 /* Release */ = {
			isa = XCBuildConfiguration;
			buildSettings = {
				ARCHS = "$(ARCHS_STANDARD)";
				HEADER_SEARCH_PATHS = (
					/opt/local/include,
					/usr/local/include,
				);
				LIBRARY_SEARCH_PATHS = (
					/usr/local/include,
					/opt/local/lib,
					"$(PROJECT_DIR)",
				);
				OTHER_LDFLAGS = (
					"-L/usr/local/lib",
					"-lcppunit",
					"-ldl",
					"-L/opt/local/lib",
					"-lboost_serialization-mt",
					"-L/opt/local/lib",
					"-lboost_filesystem-mt",
					"-L/opt/local/lib",
					"-lboost_system-mt",
				);
				PRODUCT_NAME = "$(TARGET_NAME)";
			};
			name = Release;
		};
/* End XCBuildConfiguration section */

/* Begin XCConfigurationList section */
		018FE79714A87BB4003F5286 /* Build configuration list for PBXProject "CppUnitTest" */ = {
			isa = XCConfigurationList;
			buildConfigurations = (
				018FE7A514A87BB5003F5286 /* Debug */,
				018FE7A614A87BB5003F5286 /* Release */,
			);
			defaultConfigurationIsVisible = 0;
			defaultConfigurationName = Release;
		};
		018FE7A714A87BB5003F5286 /* Build configuration list for PBXNativeTarget "CppUnitTest" */ = {
			isa = XCConfigurationList;
			buildConfigurations = (
				018FE7A814A87BB5003F5286 /* Debug */,
				018FE7A914A87BB5003F5286 /* Release */,
			);
			defaultConfigurationIsVisible = 0;
			defaultConfigurationName = Release;
		};
/* End XCConfigurationList section */
	};
	rootObject = 018FE79414A87BB4003F5286 /* Project object */;
}
